interactions:
- request:
    body: null
    headers:
      Accept:
      - application/json
      Accept-Encoding:
      - gzip, deflate
      CommandName:
      - network vnet create
      Connection:
      - keep-alive
      ParameterSetName:
      - -n -g
      User-Agent:
      - python/3.7.4 (Windows-10-10.0.18362-SP0) msrest/0.6.10 msrest_azure/0.6.2
        azure-mgmt-resource/4.0.0 Azure-SDK-For-Python AZURECLI/2.0.75
      accept-language:
      - en-US
    method: GET
    uri: https://management.azure.com/subscriptions/00000000-0000-0000-0000-000000000000/resourcegroups/cli_test_cannotdelete_resource_lock000001?api-version=2019-07-01
  response:
    body:
      string: '{"id":"/subscriptions/00000000-0000-0000-0000-000000000000/resourceGroups/cli_test_cannotdelete_resource_lock000001","name":"cli_test_cannotdelete_resource_lock000001","type":"Microsoft.Resources/resourceGroups","location":"westus","tags":{"product":"azurecli","cause":"automation","date":"2019-10-17T06:15:48Z"},"properties":{"provisioningState":"Succeeded"}}'
    headers:
      cache-control:
      - no-cache
      content-length:
      - '428'
      content-type:
      - application/json; charset=utf-8
      date:
      - Thu, 17 Oct 2019 06:15:56 GMT
      expires:
      - '-1'
      pragma:
      - no-cache
      strict-transport-security:
      - max-age=31536000; includeSubDomains
      vary:
      - Accept-Encoding
      x-content-type-options:
      - nosniff
    status:
      code: 200
      message: OK
- request:
    body: '{"location": "westus", "tags": {}, "properties": {"addressSpace": {"addressPrefixes":
      ["10.0.0.0/16"]}, "dhcpOptions": {}}}'
    headers:
      Accept:
      - application/json
      Accept-Encoding:
      - gzip, deflate
      CommandName:
      - network vnet create
      Connection:
      - keep-alive
      Content-Length:
      - '123'
      Content-Type:
      - application/json; charset=utf-8
      ParameterSetName:
      - -n -g
      User-Agent:
      - python/3.7.4 (Windows-10-10.0.18362-SP0) msrest/0.6.10 msrest_azure/0.6.2
        azure-mgmt-network/6.0.0 Azure-SDK-For-Python AZURECLI/2.0.75
      accept-language:
      - en-US
    method: PUT
    uri: https://management.azure.com/subscriptions/00000000-0000-0000-0000-000000000000/resourceGroups/cli_test_cannotdelete_resource_lock000001/providers/Microsoft.Network/virtualNetworks/cli.lock.rsrc000002?api-version=2019-08-01
  response:
    body:
      string: "{\r\n  \"name\": \"cli.lock.rsrc000002\",\r\n  \"id\": \"/subscriptions/00000000-0000-0000-0000-000000000000/resourceGroups/cli_test_cannotdelete_resource_lock000001/providers/Microsoft.Network/virtualNetworks/cli.lock.rsrc000002\",\r\n
        \ \"etag\": \"W/\\\"eba73da4-4b59-4112-97a9-fa1ffdcc9150\\\"\",\r\n  \"type\":
        \"Microsoft.Network/virtualNetworks\",\r\n  \"location\": \"westus\",\r\n
        \ \"tags\": {},\r\n  \"properties\": {\r\n    \"provisioningState\": \"Updating\",\r\n
        \   \"resourceGuid\": \"b3b07fdc-4c19-4190-810b-3cdf5aa326d7\",\r\n    \"addressSpace\":
        {\r\n      \"addressPrefixes\": [\r\n        \"10.0.0.0/16\"\r\n      ]\r\n
        \   },\r\n    \"dhcpOptions\": {\r\n      \"dnsServers\": []\r\n    },\r\n
        \   \"subnets\": [],\r\n    \"virtualNetworkPeerings\": [],\r\n    \"enableDdosProtection\":
        false,\r\n    \"enableVmProtection\": false\r\n  }\r\n}"
    headers:
      azure-asyncoperation:
      - https://management.azure.com/subscriptions/00000000-0000-0000-0000-000000000000/providers/Microsoft.Network/locations/westus/operations/cf3770b7-19ab-4f27-9106-4c74ad8d9533?api-version=2019-08-01
      cache-control:
      - no-cache
      content-length:
      - '816'
      content-type:
      - application/json; charset=utf-8
      date:
      - Thu, 17 Oct 2019 06:16:00 GMT
      expires:
      - '-1'
      pragma:
      - no-cache
      server:
      - Microsoft-HTTPAPI/2.0
      - Microsoft-HTTPAPI/2.0
      strict-transport-security:
      - max-age=31536000; includeSubDomains
      x-content-type-options:
      - nosniff
      x-ms-arm-service-request-id:
      - 01387926-ba4b-4bef-884e-092bb7d2114a
      x-ms-ratelimit-remaining-subscription-writes:
      - '1198'
    status:
      code: 201
      message: Created
- request:
    body: null
    headers:
      Accept:
      - application/json
      Accept-Encoding:
      - gzip, deflate
      CommandName:
      - network vnet create
      Connection:
      - keep-alive
      ParameterSetName:
      - -n -g
      User-Agent:
      - python/3.7.4 (Windows-10-10.0.18362-SP0) msrest/0.6.10 msrest_azure/0.6.2
        azure-mgmt-network/6.0.0 Azure-SDK-For-Python AZURECLI/2.0.75
    method: GET
    uri: https://management.azure.com/subscriptions/00000000-0000-0000-0000-000000000000/providers/Microsoft.Network/locations/westus/operations/cf3770b7-19ab-4f27-9106-4c74ad8d9533?api-version=2019-08-01
  response:
    body:
      string: "{\r\n  \"status\": \"InProgress\"\r\n}"
    headers:
      cache-control:
      - no-cache
      content-length:
      - '30'
      content-type:
      - application/json; charset=utf-8
      date:
      - Thu, 17 Oct 2019 06:16:04 GMT
      expires:
      - '-1'
      pragma:
      - no-cache
      server:
      - Microsoft-HTTPAPI/2.0
      - Microsoft-HTTPAPI/2.0
      strict-transport-security:
      - max-age=31536000; includeSubDomains
      transfer-encoding:
      - chunked
      vary:
      - Accept-Encoding
      x-content-type-options:
      - nosniff
      x-ms-arm-service-request-id:
      - fd69b72c-1959-4bdb-a021-4ed45e96b79f
    status:
      code: 200
      message: OK
- request:
    body: null
    headers:
      Accept:
      - application/json
      Accept-Encoding:
      - gzip, deflate
      CommandName:
      - network vnet create
      Connection:
      - keep-alive
      ParameterSetName:
      - -n -g
      User-Agent:
      - python/3.7.4 (Windows-10-10.0.18362-SP0) msrest/0.6.10 msrest_azure/0.6.2
        azure-mgmt-network/6.0.0 Azure-SDK-For-Python AZURECLI/2.0.75
    method: GET
    uri: https://management.azure.com/subscriptions/00000000-0000-0000-0000-000000000000/providers/Microsoft.Network/locations/westus/operations/cf3770b7-19ab-4f27-9106-4c74ad8d9533?api-version=2019-08-01
  response:
    body:
      string: "{\r\n  \"status\": \"Succeeded\"\r\n}"
    headers:
      cache-control:
      - no-cache
      content-length:
      - '29'
      content-type:
      - application/json; charset=utf-8
      date:
      - Thu, 17 Oct 2019 06:16:14 GMT
      expires:
      - '-1'
      pragma:
      - no-cache
      server:
      - Microsoft-HTTPAPI/2.0
      - Microsoft-HTTPAPI/2.0
      strict-transport-security:
      - max-age=31536000; includeSubDomains
      transfer-encoding:
      - chunked
      vary:
      - Accept-Encoding
      x-content-type-options:
      - nosniff
      x-ms-arm-service-request-id:
      - 4b5f2016-0a9d-407f-abf8-726c1211ac8d
    status:
      code: 200
      message: OK
- request:
    body: null
    headers:
      Accept:
      - application/json
      Accept-Encoding:
      - gzip, deflate
      CommandName:
      - network vnet create
      Connection:
      - keep-alive
      ParameterSetName:
      - -n -g
      User-Agent:
      - python/3.7.4 (Windows-10-10.0.18362-SP0) msrest/0.6.10 msrest_azure/0.6.2
        azure-mgmt-network/6.0.0 Azure-SDK-For-Python AZURECLI/2.0.75
    method: GET
    uri: https://management.azure.com/subscriptions/00000000-0000-0000-0000-000000000000/resourceGroups/cli_test_cannotdelete_resource_lock000001/providers/Microsoft.Network/virtualNetworks/cli.lock.rsrc000002?api-version=2019-08-01
  response:
    body:
      string: "{\r\n  \"name\": \"cli.lock.rsrc000002\",\r\n  \"id\": \"/subscriptions/00000000-0000-0000-0000-000000000000/resourceGroups/cli_test_cannotdelete_resource_lock000001/providers/Microsoft.Network/virtualNetworks/cli.lock.rsrc000002\",\r\n
        \ \"etag\": \"W/\\\"7e7f4353-f4bd-425a-9654-68e91c5f3819\\\"\",\r\n  \"type\":
        \"Microsoft.Network/virtualNetworks\",\r\n  \"location\": \"westus\",\r\n
        \ \"tags\": {},\r\n  \"properties\": {\r\n    \"provisioningState\": \"Succeeded\",\r\n
        \   \"resourceGuid\": \"b3b07fdc-4c19-4190-810b-3cdf5aa326d7\",\r\n    \"addressSpace\":
        {\r\n      \"addressPrefixes\": [\r\n        \"10.0.0.0/16\"\r\n      ]\r\n
        \   },\r\n    \"dhcpOptions\": {\r\n      \"dnsServers\": []\r\n    },\r\n
        \   \"subnets\": [],\r\n    \"virtualNetworkPeerings\": [],\r\n    \"enableDdosProtection\":
        false,\r\n    \"enableVmProtection\": false\r\n  }\r\n}"
    headers:
      cache-control:
      - no-cache
      content-length:
      - '817'
      content-type:
      - application/json; charset=utf-8
      date:
      - Thu, 17 Oct 2019 06:16:15 GMT
      etag:
      - W/"7e7f4353-f4bd-425a-9654-68e91c5f3819"
      expires:
      - '-1'
      pragma:
      - no-cache
      server:
      - Microsoft-HTTPAPI/2.0
      - Microsoft-HTTPAPI/2.0
      strict-transport-security:
      - max-age=31536000; includeSubDomains
      transfer-encoding:
      - chunked
      vary:
      - Accept-Encoding
      x-content-type-options:
      - nosniff
      x-ms-arm-service-request-id:
      - 349a4439-0570-432e-8624-e9533e4a8bf9
    status:
      code: 200
      message: OK
- request:
    body: '{"properties": {"level": "CanNotDelete"}}'
    headers:
      Accept:
      - application/json
      Accept-Encoding:
      - gzip, deflate
      CommandName:
      - lock create
      Connection:
      - keep-alive
      Content-Length:
      - '41'
      Content-Type:
      - application/json; charset=utf-8
      ParameterSetName:
      - -n -g --resource-type --resource-name --lock-type
      User-Agent:
      - python/3.7.4 (Windows-10-10.0.18362-SP0) msrest/0.6.10 msrest_azure/0.6.2
        azure-mgmt-resource/4.0.0 Azure-SDK-For-Python AZURECLI/2.0.75
      accept-language:
      - en-US
    method: PUT
    uri: https://management.azure.com/subscriptions/00000000-0000-0000-0000-000000000000/resourcegroups/cli_test_cannotdelete_resource_lock000001/providers/Microsoft.Network/virtualNetworks/cli.lock.rsrc000002/providers/Microsoft.Authorization/locks/cli-test-lock000003?api-version=2016-09-01
  response:
    body:
      string: '{"properties":{"level":"CanNotDelete"},"id":"/subscriptions/00000000-0000-0000-0000-000000000000/resourcegroups/cli_test_cannotdelete_resource_lock000001/providers/Microsoft.Network/virtualNetworks/cli.lock.rsrc000002/providers/Microsoft.Authorization/locks/cli-test-lock000003","type":"Microsoft.Authorization/locks","name":"cli-test-lock000003"}'
    headers:
      cache-control:
      - no-cache
      content-length:
      - '502'
      content-type:
      - application/json; charset=utf-8
      date:
      - Thu, 17 Oct 2019 06:16:16 GMT
      expires:
      - '-1'
      pragma:
      - no-cache
      strict-transport-security:
      - max-age=31536000; includeSubDomains
      x-content-type-options:
      - nosniff
      x-ms-ratelimit-remaining-subscription-writes:
      - '1197'
    status:
      code: 201
      message: Created
- request:
    body: null
    headers:
      Accept:
      - application/json
      Accept-Encoding:
      - gzip, deflate
      CommandName:
      - lock show
      Connection:
      - keep-alive
      ParameterSetName:
      - --name -g --resource-type --resource-name
      User-Agent:
      - python/3.7.4 (Windows-10-10.0.18362-SP0) msrest/0.6.10 msrest_azure/0.6.2
        azure-mgmt-resource/4.0.0 Azure-SDK-For-Python AZURECLI/2.0.75
      accept-language:
      - en-US
    method: GET
    uri: https://management.azure.com/subscriptions/00000000-0000-0000-0000-000000000000/providers/Microsoft.Authorization/locks?api-version=2016-09-01
  response:
    body:
      string: '{"value":[{"properties":{"level":"CanNotDelete"},"id":"/subscriptions/00000000-0000-0000-0000-000000000000/resourcegroups/cli_test_resource_lock53glipjrd2arqeyszausd5yno26j3vxwq5ick2icmrxqpwhyhvo6s/providers/Microsoft.Network/virtualNetworks/cli.lock.rsrcysim55vlvns7rht67/providers/Microsoft.Authorization/locks/cli-test-lockmwdcawrfkx7zmciuwysepzxn455dcobmwcht3hm5jsul5ziswvhhnwn6fz2b4","type":"Microsoft.Authorization/locks","name":"cli-test-lockmwdcawrfkx7zmciuwysepzxn455dcobmwcht3hm5jsul5ziswvhhnwn6fz2b4"},{"properties":{"level":"CanNotDelete","notes":""},"id":"/subscriptions/00000000-0000-0000-0000-000000000000/resourceGroups/emerald-city-bookstore/providers/Microsoft.Authorization/locks/DELETE","type":"Microsoft.Authorization/locks","name":"DELETE"},{"properties":{"level":"ReadOnly"},"id":"/subscriptions/00000000-0000-0000-0000-000000000000/resourcegroups/cli_test_readonly_resource_lockby57rleuqjb2dldqtisxzpz5jwlwlkplfrple2ucbko5/providers/Microsoft.Network/virtualNetworks/cli.lock.rsrcvas6zr55spi2gg6cn/providers/Microsoft.Authorization/locks/cli-test-locke2wcybd5fnp4f326wi6zgixgkifinj6qv5abifsvl2mvfygwljo6atjsg2ugl","type":"Microsoft.Authorization/locks","name":"cli-test-locke2wcybd5fnp4f326wi6zgixgkifinj6qv5abifsvl2mvfygwljo6atjsg2ugl"},{"properties":{"level":"CanNotDelete"},"id":"/subscriptions/00000000-0000-0000-0000-000000000000/resourcegroups/cli_test_lock_with_resource_idnqqnf5ezxigqde36dv42lvx3tbvunqc3hrivucuj27vdt/providers/Microsoft.Network/virtualNetworks/cli-lock-vnet5rd5ighbqweaeb7hb/providers/Microsoft.Authorization/locks/cli-test-locknwfav67otetjmg5s2tcaegs6s4v4fdjmkc6n2","type":"Microsoft.Authorization/locks","name":"cli-test-locknwfav67otetjmg5s2tcaegs6s4v4fdjmkc6n2"},{"properties":{"level":"CanNotDelete","notes":""},"id":"/subscriptions/00000000-0000-0000-0000-000000000000/resourceGroups/new-experiences/providers/Microsoft.Authorization/locks/NO-DELETE","type":"Microsoft.Authorization/locks","name":"NO-DELETE"},{"properties":{"level":"CanNotDelete"},"id":"/subscriptions/00000000-0000-0000-0000-000000000000/resourceGroups/cli_test_lock_commands_with_idsa47a3hibsics3zlv4hnyeayr6ixwt2lh4pchnltycrso/providers/Microsoft.Authorization/locks/cli-test-locktmo6x6ut4lfx5d7joehblse42pthjmj2h5dx3","type":"Microsoft.Authorization/locks","name":"cli-test-locktmo6x6ut4lfx5d7joehblse42pthjmj2h5dx3"},{"properties":{"level":"CanNotDelete"},"id":"/subscriptions/00000000-0000-0000-0000-000000000000/resourcegroups/cli_test_lock_commands_with_idsa47a3hibsics3zlv4hnyeayr6ixwt2lh4pchnltycrso/providers/Microsoft.Network/virtualNetworks/cli-lock-vnetqjc5qnjfpv6zjyfko/providers/Microsoft.Authorization/locks/cli-test-lockwthb7p7eb3mfsxfjkgbvcxohkx4fq72no3nnd","type":"Microsoft.Authorization/locks","name":"cli-test-lockwthb7p7eb3mfsxfjkgbvcxohkx4fq72no3nnd"},{"properties":{"level":"CanNotDelete","notes":"for
        customer issue repro  (snowflake)"},"id":"/subscriptions/00000000-0000-0000-0000-000000000000/resourcegroups/storage-v2rt-repro/providers/Microsoft.Authorization/locks/DontDelete","type":"Microsoft.Authorization/locks","name":"DontDelete"},{"properties":{"level":"CanNotDelete"},"id":"/subscriptions/00000000-0000-0000-0000-000000000000/resourcegroups/cli_test_cannotdelete_resource_lock000001/providers/Microsoft.Network/virtualNetworks/cli.lock.rsrc000002/providers/Microsoft.Authorization/locks/cli-test-lock000003","type":"Microsoft.Authorization/locks","name":"cli-test-lock000003"}]}'
    headers:
      cache-control:
      - no-cache
      content-length:
      - '3596'
      content-type:
      - application/json; charset=utf-8
      date:
      - Thu, 17 Oct 2019 06:16:23 GMT
      expires:
      - '-1'
      pragma:
      - no-cache
      strict-transport-security:
      - max-age=31536000; includeSubDomains
      transfer-encoding:
      - chunked
      vary:
      - Accept-Encoding,Accept-Encoding
      x-content-type-options:
      - nosniff
    status:
      code: 200
      message: OK
- request:
    body: null
    headers:
      Accept:
      - application/json
      Accept-Encoding:
      - gzip, deflate
      CommandName:
      - lock show
      Connection:
      - keep-alive
      ParameterSetName:
      - --name -g --resource-type --resource-name
      User-Agent:
      - python/3.7.4 (Windows-10-10.0.18362-SP0) msrest/0.6.10 msrest_azure/0.6.2
        azure-mgmt-resource/4.0.0 Azure-SDK-For-Python AZURECLI/2.0.75
      accept-language:
      - en-US
    method: GET
    uri: https://management.azure.com/subscriptions/00000000-0000-0000-0000-000000000000/resourcegroups/cli_test_cannotdelete_resource_lock000001/providers/Microsoft.Network/virtualNetworks/cli.lock.rsrc000002/providers/Microsoft.Authorization/locks/cli-test-lock000003?api-version=2016-09-01
  response:
    body:
      string: '{"properties":{"level":"CanNotDelete"},"id":"/subscriptions/00000000-0000-0000-0000-000000000000/resourcegroups/cli_test_cannotdelete_resource_lock000001/providers/Microsoft.Network/virtualNetworks/cli.lock.rsrc000002/providers/Microsoft.Authorization/locks/cli-test-lock000003","type":"Microsoft.Authorization/locks","name":"cli-test-lock000003"}'
    headers:
      cache-control:
      - no-cache
      content-length:
      - '502'
      content-type:
      - application/json; charset=utf-8
      date:
      - Thu, 17 Oct 2019 06:16:23 GMT
      expires:
      - '-1'
      pragma:
      - no-cache
      strict-transport-security:
      - max-age=31536000; includeSubDomains
      transfer-encoding:
      - chunked
      vary:
      - Accept-Encoding,Accept-Encoding
      x-content-type-options:
      - nosniff
    status:
      code: 200
      message: OK
- request:
    body: null
    headers:
      Accept:
      - application/json
      Accept-Encoding:
      - gzip, deflate
      CommandName:
      - lock list
      Connection:
      - keep-alive
      ParameterSetName:
      - --query -o
      User-Agent:
      - python/3.7.4 (Windows-10-10.0.18362-SP0) msrest/0.6.10 msrest_azure/0.6.2
        azure-mgmt-resource/4.0.0 Azure-SDK-For-Python AZURECLI/2.0.75
      accept-language:
      - en-US
    method: GET
    uri: https://management.azure.com/subscriptions/00000000-0000-0000-0000-000000000000/providers/Microsoft.Authorization/locks?api-version=2016-09-01
  response:
    body:
      string: '{"value":[{"properties":{"level":"CanNotDelete"},"id":"/subscriptions/00000000-0000-0000-0000-000000000000/resourcegroups/cli_test_resource_lock53glipjrd2arqeyszausd5yno26j3vxwq5ick2icmrxqpwhyhvo6s/providers/Microsoft.Network/virtualNetworks/cli.lock.rsrcysim55vlvns7rht67/providers/Microsoft.Authorization/locks/cli-test-lockmwdcawrfkx7zmciuwysepzxn455dcobmwcht3hm5jsul5ziswvhhnwn6fz2b4","type":"Microsoft.Authorization/locks","name":"cli-test-lockmwdcawrfkx7zmciuwysepzxn455dcobmwcht3hm5jsul5ziswvhhnwn6fz2b4"},{"properties":{"level":"CanNotDelete","notes":""},"id":"/subscriptions/00000000-0000-0000-0000-000000000000/resourceGroups/emerald-city-bookstore/providers/Microsoft.Authorization/locks/DELETE","type":"Microsoft.Authorization/locks","name":"DELETE"},{"properties":{"level":"ReadOnly"},"id":"/subscriptions/00000000-0000-0000-0000-000000000000/resourcegroups/cli_test_readonly_resource_lockby57rleuqjb2dldqtisxzpz5jwlwlkplfrple2ucbko5/providers/Microsoft.Network/virtualNetworks/cli.lock.rsrcvas6zr55spi2gg6cn/providers/Microsoft.Authorization/locks/cli-test-locke2wcybd5fnp4f326wi6zgixgkifinj6qv5abifsvl2mvfygwljo6atjsg2ugl","type":"Microsoft.Authorization/locks","name":"cli-test-locke2wcybd5fnp4f326wi6zgixgkifinj6qv5abifsvl2mvfygwljo6atjsg2ugl"},{"properties":{"level":"CanNotDelete"},"id":"/subscriptions/00000000-0000-0000-0000-000000000000/resourcegroups/cli_test_lock_with_resource_idnqqnf5ezxigqde36dv42lvx3tbvunqc3hrivucuj27vdt/providers/Microsoft.Network/virtualNetworks/cli-lock-vnet5rd5ighbqweaeb7hb/providers/Microsoft.Authorization/locks/cli-test-locknwfav67otetjmg5s2tcaegs6s4v4fdjmkc6n2","type":"Microsoft.Authorization/locks","name":"cli-test-locknwfav67otetjmg5s2tcaegs6s4v4fdjmkc6n2"},{"properties":{"level":"CanNotDelete"},"id":"/subscriptions/00000000-0000-0000-0000-000000000000/resourcegroups/cli_test_lock_with_resource_idnqqnf5ezxigqde36dv42lvx3tbvunqc3hrivucuj27vdt/providers/Microsoft.Network/virtualNetworks/cli-lock-vnet5rd5ighbqweaeb7hb/subnets/cli-lock-subnetttxsnm5sjapoyvc/providers/Microsoft.Authorization/locks/cli-test-locka5kvbts","type":"Microsoft.Authorization/locks","name":"cli-test-locka5kvbts"},{"properties":{"level":"CanNotDelete","notes":""},"id":"/subscriptions/00000000-0000-0000-0000-000000000000/resourceGroups/new-experiences/providers/Microsoft.Authorization/locks/NO-DELETE","type":"Microsoft.Authorization/locks","name":"NO-DELETE"},{"properties":{"level":"CanNotDelete"},"id":"/subscriptions/00000000-0000-0000-0000-000000000000/resourceGroups/cli_test_lock_commands_with_idsa47a3hibsics3zlv4hnyeayr6ixwt2lh4pchnltycrso/providers/Microsoft.Authorization/locks/cli-test-locktmo6x6ut4lfx5d7joehblse42pthjmj2h5dx3","type":"Microsoft.Authorization/locks","name":"cli-test-locktmo6x6ut4lfx5d7joehblse42pthjmj2h5dx3"},{"properties":{"level":"CanNotDelete"},"id":"/subscriptions/00000000-0000-0000-0000-000000000000/resourcegroups/cli_test_lock_commands_with_idsa47a3hibsics3zlv4hnyeayr6ixwt2lh4pchnltycrso/providers/Microsoft.Network/virtualNetworks/cli-lock-vnetqjc5qnjfpv6zjyfko/providers/Microsoft.Authorization/locks/cli-test-lockwthb7p7eb3mfsxfjkgbvcxohkx4fq72no3nnd","type":"Microsoft.Authorization/locks","name":"cli-test-lockwthb7p7eb3mfsxfjkgbvcxohkx4fq72no3nnd"},{"properties":{"level":"CanNotDelete","notes":"for
        customer issue repro  (snowflake)"},"id":"/subscriptions/00000000-0000-0000-0000-000000000000/resourcegroups/storage-v2rt-repro/providers/Microsoft.Authorization/locks/DontDelete","type":"Microsoft.Authorization/locks","name":"DontDelete"},{"properties":{"level":"CanNotDelete"},"id":"/subscriptions/00000000-0000-0000-0000-000000000000/resourcegroups/cli_test_cannotdelete_resource_lock000001/providers/Microsoft.Network/virtualNetworks/cli.lock.rsrc000002/providers/Microsoft.Authorization/locks/cli-test-lock000003","type":"Microsoft.Authorization/locks","name":"cli-test-lock000003"}]}'
    headers:
      cache-control:
      - no-cache
      content-length:
      - '4030'
      content-type:
      - application/json; charset=utf-8
      date:
      - Thu, 17 Oct 2019 06:16:23 GMT
      expires:
      - '-1'
      pragma:
      - no-cache
      strict-transport-security:
      - max-age=31536000; includeSubDomains
      transfer-encoding:
      - chunked
      vary:
      - Accept-Encoding,Accept-Encoding
      x-content-type-options:
      - nosniff
    status:
      code: 200
      message: OK
- request:
    body: null
    headers:
      Accept:
      - application/json
      Accept-Encoding:
      - gzip, deflate
      CommandName:
      - lock update
      Connection:
      - keep-alive
      ParameterSetName:
      - -n -g --resource-type --resource-name --notes --lock-type
      User-Agent:
      - python/3.7.4 (Windows-10-10.0.18362-SP0) msrest/0.6.10 msrest_azure/0.6.2
        azure-mgmt-resource/4.0.0 Azure-SDK-For-Python AZURECLI/2.0.75
      accept-language:
      - en-US
    method: GET
    uri: https://management.azure.com/subscriptions/00000000-0000-0000-0000-000000000000/providers/Microsoft.Authorization/locks?api-version=2016-09-01
  response:
    body:
      string: '{"value":[{"properties":{"level":"ReadOnly","notes":"notesfwsk7yc6xfi4x44"},"id":"/subscriptions/00000000-0000-0000-0000-000000000000/resourcegroups/cli_test_resource_lock53glipjrd2arqeyszausd5yno26j3vxwq5ick2icmrxqpwhyhvo6s/providers/Microsoft.Network/virtualNetworks/cli.lock.rsrcysim55vlvns7rht67/providers/Microsoft.Authorization/locks/cli-test-lockmwdcawrfkx7zmciuwysepzxn455dcobmwcht3hm5jsul5ziswvhhnwn6fz2b4","type":"Microsoft.Authorization/locks","name":"cli-test-lockmwdcawrfkx7zmciuwysepzxn455dcobmwcht3hm5jsul5ziswvhhnwn6fz2b4"},{"properties":{"level":"CanNotDelete","notes":""},"id":"/subscriptions/00000000-0000-0000-0000-000000000000/resourceGroups/emerald-city-bookstore/providers/Microsoft.Authorization/locks/DELETE","type":"Microsoft.Authorization/locks","name":"DELETE"},{"properties":{"level":"CanNotDelete","notes":"notesqrr4vujmvcrmldf"},"id":"/subscriptions/00000000-0000-0000-0000-000000000000/resourcegroups/cli_test_readonly_resource_lockby57rleuqjb2dldqtisxzpz5jwlwlkplfrple2ucbko5/providers/Microsoft.Network/virtualNetworks/cli.lock.rsrcvas6zr55spi2gg6cn/providers/Microsoft.Authorization/locks/cli-test-locke2wcybd5fnp4f326wi6zgixgkifinj6qv5abifsvl2mvfygwljo6atjsg2ugl","type":"Microsoft.Authorization/locks","name":"cli-test-locke2wcybd5fnp4f326wi6zgixgkifinj6qv5abifsvl2mvfygwljo6atjsg2ugl"},{"properties":{"level":"CanNotDelete"},"id":"/subscriptions/00000000-0000-0000-0000-000000000000/resourcegroups/cli_test_lock_with_resource_idnqqnf5ezxigqde36dv42lvx3tbvunqc3hrivucuj27vdt/providers/Microsoft.Network/virtualNetworks/cli-lock-vnet5rd5ighbqweaeb7hb/providers/Microsoft.Authorization/locks/cli-test-locknwfav67otetjmg5s2tcaegs6s4v4fdjmkc6n2","type":"Microsoft.Authorization/locks","name":"cli-test-locknwfav67otetjmg5s2tcaegs6s4v4fdjmkc6n2"},{"properties":{"level":"CanNotDelete"},"id":"/subscriptions/00000000-0000-0000-0000-000000000000/resourcegroups/cli_test_lock_with_resource_idnqqnf5ezxigqde36dv42lvx3tbvunqc3hrivucuj27vdt/providers/Microsoft.Network/virtualNetworks/cli-lock-vnet5rd5ighbqweaeb7hb/subnets/cli-lock-subnetttxsnm5sjapoyvc/providers/Microsoft.Authorization/locks/cli-test-locka5kvbts","type":"Microsoft.Authorization/locks","name":"cli-test-locka5kvbts"},{"properties":{"level":"CanNotDelete","notes":""},"id":"/subscriptions/00000000-0000-0000-0000-000000000000/resourceGroups/new-experiences/providers/Microsoft.Authorization/locks/NO-DELETE","type":"Microsoft.Authorization/locks","name":"NO-DELETE"},{"properties":{"level":"CanNotDelete"},"id":"/subscriptions/00000000-0000-0000-0000-000000000000/resourceGroups/cli_test_lock_commands_with_idsa47a3hibsics3zlv4hnyeayr6ixwt2lh4pchnltycrso/providers/Microsoft.Authorization/locks/cli-test-locktmo6x6ut4lfx5d7joehblse42pthjmj2h5dx3","type":"Microsoft.Authorization/locks","name":"cli-test-locktmo6x6ut4lfx5d7joehblse42pthjmj2h5dx3"},{"properties":{"level":"CanNotDelete"},"id":"/subscriptions/00000000-0000-0000-0000-000000000000/resourcegroups/cli_test_lock_commands_with_idsa47a3hibsics3zlv4hnyeayr6ixwt2lh4pchnltycrso/providers/Microsoft.Network/virtualNetworks/cli-lock-vnetqjc5qnjfpv6zjyfko/providers/Microsoft.Authorization/locks/cli-test-lockwthb7p7eb3mfsxfjkgbvcxohkx4fq72no3nnd","type":"Microsoft.Authorization/locks","name":"cli-test-lockwthb7p7eb3mfsxfjkgbvcxohkx4fq72no3nnd"},{"properties":{"level":"CanNotDelete"},"id":"/subscriptions/00000000-0000-0000-0000-000000000000/resourcegroups/cli_test_lock_commands_with_idsa47a3hibsics3zlv4hnyeayr6ixwt2lh4pchnltycrso/providers/Microsoft.Network/virtualNetworks/cli-lock-vnetqjc5qnjfpv6zjyfko/subnets/cli-lock-subnetc467eyw7qoqvhq2/providers/Microsoft.Authorization/locks/cli-test-lockx3durpg","type":"Microsoft.Authorization/locks","name":"cli-test-lockx3durpg"},{"properties":{"level":"CanNotDelete","notes":"for
        customer issue repro  (snowflake)"},"id":"/subscriptions/00000000-0000-0000-0000-000000000000/resourcegroups/storage-v2rt-repro/providers/Microsoft.Authorization/locks/DontDelete","type":"Microsoft.Authorization/locks","name":"DontDelete"},{"properties":{"level":"CanNotDelete"},"id":"/subscriptions/00000000-0000-0000-0000-000000000000/resourcegroups/cli_test_cannotdelete_resource_lock000001/providers/Microsoft.Network/virtualNetworks/cli.lock.rsrc000002/providers/Microsoft.Authorization/locks/cli-test-lock000003","type":"Microsoft.Authorization/locks","name":"cli-test-lock000003"}]}'
    headers:
      cache-control:
      - no-cache
      content-length:
      - '4526'
      content-type:
      - application/json; charset=utf-8
      date:
      - Thu, 17 Oct 2019 06:16:24 GMT
      expires:
      - '-1'
      pragma:
      - no-cache
      strict-transport-security:
      - max-age=31536000; includeSubDomains
      transfer-encoding:
      - chunked
      vary:
      - Accept-Encoding,Accept-Encoding
      x-content-type-options:
      - nosniff
    status:
      code: 200
      message: OK
- request:
    body: null
    headers:
      Accept:
      - application/json
      Accept-Encoding:
      - gzip, deflate
      CommandName:
      - lock update
      Connection:
      - keep-alive
      ParameterSetName:
      - -n -g --resource-type --resource-name --notes --lock-type
      User-Agent:
      - python/3.7.4 (Windows-10-10.0.18362-SP0) msrest/0.6.10 msrest_azure/0.6.2
        azure-mgmt-resource/4.0.0 Azure-SDK-For-Python AZURECLI/2.0.75
      accept-language:
      - en-US
    method: GET
    uri: https://management.azure.com/subscriptions/00000000-0000-0000-0000-000000000000/resourcegroups/cli_test_cannotdelete_resource_lock000001/providers/Microsoft.Network/virtualNetworks/cli.lock.rsrc000002/providers/Microsoft.Authorization/locks/cli-test-lock000003?api-version=2016-09-01
  response:
    body:
      string: '{"properties":{"level":"CanNotDelete"},"id":"/subscriptions/00000000-0000-0000-0000-000000000000/resourcegroups/cli_test_cannotdelete_resource_lock000001/providers/Microsoft.Network/virtualNetworks/cli.lock.rsrc000002/providers/Microsoft.Authorization/locks/cli-test-lock000003","type":"Microsoft.Authorization/locks","name":"cli-test-lock000003"}'
    headers:
      cache-control:
      - no-cache
      content-length:
      - '502'
      content-type:
      - application/json; charset=utf-8
      date:
      - Thu, 17 Oct 2019 06:16:25 GMT
      expires:
      - '-1'
      pragma:
      - no-cache
      strict-transport-security:
      - max-age=31536000; includeSubDomains
      transfer-encoding:
      - chunked
      vary:
      - Accept-Encoding,Accept-Encoding
      x-content-type-options:
      - nosniff
    status:
      code: 200
      message: OK
- request:
    body: '{"properties": {"level": "ReadOnly", "notes": "notes000004"}}'
    headers:
      Accept:
      - application/json
      Accept-Encoding:
      - gzip, deflate
      CommandName:
      - lock update
      Connection:
      - keep-alive
      Content-Length:
      - '70'
      Content-Type:
      - application/json; charset=utf-8
      ParameterSetName:
      - -n -g --resource-type --resource-name --notes --lock-type
      User-Agent:
      - python/3.7.4 (Windows-10-10.0.18362-SP0) msrest/0.6.10 msrest_azure/0.6.2
        azure-mgmt-resource/4.0.0 Azure-SDK-For-Python AZURECLI/2.0.75
      accept-language:
      - en-US
    method: PUT
    uri: https://management.azure.com/subscriptions/00000000-0000-0000-0000-000000000000/resourcegroups/cli_test_cannotdelete_resource_lock000001/providers/Microsoft.Network/virtualNetworks/cli.lock.rsrc000002/providers/Microsoft.Authorization/locks/cli-test-lock000003?api-version=2016-09-01
  response:
    body:
      string: '{"properties":{"level":"ReadOnly","notes":"notes000004"},"id":"/subscriptions/00000000-0000-0000-0000-000000000000/resourcegroups/cli_test_cannotdelete_resource_lock000001/providers/Microsoft.Network/virtualNetworks/cli.lock.rsrc000002/providers/Microsoft.Authorization/locks/cli-test-lock000003","type":"Microsoft.Authorization/locks","name":"cli-test-lock000003"}'
    headers:
      cache-control:
      - no-cache
      content-length:
      - '529'
      content-type:
      - application/json; charset=utf-8
      date:
      - Thu, 17 Oct 2019 06:16:25 GMT
      expires:
      - '-1'
      pragma:
      - no-cache
      strict-transport-security:
      - max-age=31536000; includeSubDomains
      transfer-encoding:
      - chunked
      vary:
      - Accept-Encoding,Accept-Encoding
      x-content-type-options:
      - nosniff
      x-ms-ratelimit-remaining-subscription-writes:
      - '1197'
    status:
      code: 200
      message: OK
- request:
    body: null
    headers:
      Accept:
      - application/json
      Accept-Encoding:
      - gzip, deflate
      CommandName:
      - lock delete
      Connection:
      - keep-alive
      ParameterSetName:
      - --name -g --resource-name --resource-type
      User-Agent:
      - python/3.7.4 (Windows-10-10.0.18362-SP0) msrest/0.6.10 msrest_azure/0.6.2
        azure-mgmt-resource/4.0.0 Azure-SDK-For-Python AZURECLI/2.0.75
      accept-language:
      - en-US
    method: GET
    uri: https://management.azure.com/subscriptions/00000000-0000-0000-0000-000000000000/providers/Microsoft.Authorization/locks?api-version=2016-09-01
  response:
    body:
      string: '{"value":[{"properties":{"level":"CanNotDelete","notes":""},"id":"/subscriptions/00000000-0000-0000-0000-000000000000/resourceGroups/emerald-city-bookstore/providers/Microsoft.Authorization/locks/DELETE","type":"Microsoft.Authorization/locks","name":"DELETE"},{"properties":{"level":"CanNotDelete"},"id":"/subscriptions/00000000-0000-0000-0000-000000000000/resourcegroups/cli_test_lock_with_resource_idnqqnf5ezxigqde36dv42lvx3tbvunqc3hrivucuj27vdt/providers/Microsoft.Network/virtualNetworks/cli-lock-vnet5rd5ighbqweaeb7hb/providers/Microsoft.Authorization/locks/cli-test-locknwfav67otetjmg5s2tcaegs6s4v4fdjmkc6n2","type":"Microsoft.Authorization/locks","name":"cli-test-locknwfav67otetjmg5s2tcaegs6s4v4fdjmkc6n2"},{"properties":{"level":"CanNotDelete"},"id":"/subscriptions/00000000-0000-0000-0000-000000000000/resourcegroups/cli_test_lock_with_resource_idnqqnf5ezxigqde36dv42lvx3tbvunqc3hrivucuj27vdt/providers/Microsoft.Network/virtualNetworks/cli-lock-vnet5rd5ighbqweaeb7hb/subnets/cli-lock-subnetttxsnm5sjapoyvc/providers/Microsoft.Authorization/locks/cli-test-locka5kvbts","type":"Microsoft.Authorization/locks","name":"cli-test-locka5kvbts"},{"properties":{"level":"CanNotDelete","notes":""},"id":"/subscriptions/00000000-0000-0000-0000-000000000000/resourceGroups/new-experiences/providers/Microsoft.Authorization/locks/NO-DELETE","type":"Microsoft.Authorization/locks","name":"NO-DELETE"},{"properties":{"level":"CanNotDelete"},"id":"/subscriptions/00000000-0000-0000-0000-000000000000/resourceGroups/cli_test_lock_commands_with_idsa47a3hibsics3zlv4hnyeayr6ixwt2lh4pchnltycrso/providers/Microsoft.Authorization/locks/cli-test-locktmo6x6ut4lfx5d7joehblse42pthjmj2h5dx3","type":"Microsoft.Authorization/locks","name":"cli-test-locktmo6x6ut4lfx5d7joehblse42pthjmj2h5dx3"},{"properties":{"level":"CanNotDelete"},"id":"/subscriptions/00000000-0000-0000-0000-000000000000/resourcegroups/cli_test_lock_commands_with_idsa47a3hibsics3zlv4hnyeayr6ixwt2lh4pchnltycrso/providers/Microsoft.Network/virtualNetworks/cli-lock-vnetqjc5qnjfpv6zjyfko/providers/Microsoft.Authorization/locks/cli-test-lockwthb7p7eb3mfsxfjkgbvcxohkx4fq72no3nnd","type":"Microsoft.Authorization/locks","name":"cli-test-lockwthb7p7eb3mfsxfjkgbvcxohkx4fq72no3nnd"},{"properties":{"level":"CanNotDelete"},"id":"/subscriptions/00000000-0000-0000-0000-000000000000/resourcegroups/cli_test_lock_commands_with_idsa47a3hibsics3zlv4hnyeayr6ixwt2lh4pchnltycrso/providers/Microsoft.Network/virtualNetworks/cli-lock-vnetqjc5qnjfpv6zjyfko/subnets/cli-lock-subnetc467eyw7qoqvhq2/providers/Microsoft.Authorization/locks/cli-test-lockx3durpg","type":"Microsoft.Authorization/locks","name":"cli-test-lockx3durpg"},{"properties":{"level":"CanNotDelete","notes":"for
        customer issue repro  (snowflake)"},"id":"/subscriptions/00000000-0000-0000-0000-000000000000/resourcegroups/storage-v2rt-repro/providers/Microsoft.Authorization/locks/DontDelete","type":"Microsoft.Authorization/locks","name":"DontDelete"},{"properties":{"level":"ReadOnly","notes":"notes000004"},"id":"/subscriptions/00000000-0000-0000-0000-000000000000/resourcegroups/cli_test_cannotdelete_resource_lock000001/providers/Microsoft.Network/virtualNetworks/cli.lock.rsrc000002/providers/Microsoft.Authorization/locks/cli-test-lock000003","type":"Microsoft.Authorization/locks","name":"cli-test-lock000003"}]}'
    headers:
      cache-control:
      - no-cache
      content-length:
      - '3489'
      content-type:
      - application/json; charset=utf-8
      date:
      - Thu, 17 Oct 2019 06:16:26 GMT
      expires:
      - '-1'
      pragma:
      - no-cache
      strict-transport-security:
      - max-age=31536000; includeSubDomains
      transfer-encoding:
      - chunked
      vary:
      - Accept-Encoding,Accept-Encoding
      x-content-type-options:
      - nosniff
    status:
      code: 200
      message: OK
- request:
    body: null
    headers:
      Accept:
      - application/json
      Accept-Encoding:
      - gzip, deflate
      CommandName:
      - lock delete
      Connection:
      - keep-alive
      Content-Length:
      - '0'
      ParameterSetName:
      - --name -g --resource-name --resource-type
      User-Agent:
      - python/3.7.4 (Windows-10-10.0.18362-SP0) msrest/0.6.10 msrest_azure/0.6.2
        azure-mgmt-resource/4.0.0 Azure-SDK-For-Python AZURECLI/2.0.75
      accept-language:
      - en-US
    method: DELETE
    uri: https://management.azure.com/subscriptions/00000000-0000-0000-0000-000000000000/resourcegroups/cli_test_cannotdelete_resource_lock000001/providers/Microsoft.Network/virtualNetworks/cli.lock.rsrc000002/providers/Microsoft.Authorization/locks/cli-test-lock000003?api-version=2016-09-01
  response:
    body:
      string: ''
    headers:
      cache-control:
      - no-cache
      content-length:
      - '0'
      date:
      - Thu, 17 Oct 2019 06:16:26 GMT
      expires:
      - '-1'
      pragma:
      - no-cache
      strict-transport-security:
      - max-age=31536000; includeSubDomains
      x-content-type-options:
      - nosniff
      x-ms-ratelimit-remaining-subscription-deletes:
      - '14999'
    status:
      code: 200
      message: OK
version: 1
